
Microsoft Visual Studio Solution File, Format Version 12.00
# Visual Studio Version 16
VisualStudioVersion = 16.0.29609.76
MinimumVisualStudioVersion = 10.0.40219.1
Project("{FAE04EC0-301F-11D3-BF4B-00C04F79EFBC}") = "WPFCalc", "WPFCalc\WPFCalc.csproj", "{7E545A73-1856-4845-A47E-8FEEB9F5F220}"
EndProject
Global
	GlobalSection(SolutionConfigurationPlatforms) = preSolution
		Debug|Any CPU = Debug|Any CPU
		Release|Any CPU = Release|Any CPU
	EndGlobalSection
	GlobalSection(ProjectConfigurationPlatforms) = postSolution
		{7E545A73-1856-4845-A47E-8FEEB9F5F220}.Debug|Any CPU.ActiveCfg = Debug|Any CPU
		{7E545A73-1856-4845-A47E-8FEEB9F5F220}.Debug|Any CPU.Build.0 = Debug|Any CPU
		{7E545A73-1856-4845-A47E-8FEEB9F5F220}.Release|Any CPU.ActiveCfg = Release|Any CPU
		{7E545A73-1856-4845-A47E-8FEEB9F5F220}.Release|Any CPU.Build.0 = Release|Any CPU
	EndGlobalSection
	GlobalSection(SolutionProperties) = preSolution
		HideSolutionNode = FALSE
	EndGlobalSection
	GlobalSection(ExtensibilityGlobals) = postSolution
		SolutionGuid = {D2788CE1-4D5A-4511-9C63-F735E6A4AAC6}
	EndGlobalSection
EndGlobal
